lockfileVersion: '9.0'

settings:
  autoInstallPeers: true
  excludeLinksFromLockfile: false

importers:

  .:
    dependencies:
      agent-browser:
        specifier: ^0.30.1
        version: 0.30.1

packages:

  agent-browser@0.30.1:
    resolution: {integrity: sha512-VMIZH90PFe5vmazizovDYUAAGrUWZ+xCqyv9ceuDOuL283a8aRqsshIQ0PY02QcdCpi1b6dwYYZOvUhoCl08Xw==}
    engines: {node: '>=24.0.0', pnpm: '>=11.0.0'}
    hasBin: true

snapshots:

  agent-browser@0.30.1: {}
